
Microsoft Visual Studio Solution File, Format Version 12.00
# Visual Studio Version 17
VisualStudioVersion = 17.9.34728.123
MinimumVisualStudioVersion = 10.0.40219.1
Project("{FAE04EC0-301F-11D3-BF4B-00C04F79EFBC}") = "Mobile1", "Mobile1\Mobile1.csproj", "{95695504-EBD4-4161-B658-1FE388FC9774}"
EndProject
Global
	GlobalSection(SolutionConfigurationPlatforms) = preSolution
		Debug|Any CPU = Debug|Any CPU
		Release|Any CPU = Release|Any CPU
	EndGlobalSection
	GlobalSection(ProjectConfigurationPlatforms) = postSolution
		{95695504-EBD4-4161-B658-1FE388FC9774}.Debug|Any CPU.ActiveCfg = Debug|Any CPU
		{95695504-EBD4-4161-B658-1FE388FC9774}.Debug|Any CPU.Build.0 = Debug|Any CPU
		{95695504-EBD4-4161-B658-1FE388FC9774}.Release|Any CPU.ActiveCfg = Release|Any CPU
		{95695504-EBD4-4161-B658-1FE388FC9774}.Release|Any CPU.Build.0 = Release|Any CPU
	EndGlobalSection
	GlobalSection(SolutionProperties) = preSolution
		HideSolutionNode = FALSE
	EndGlobalSection
	GlobalSection(ExtensibilityGlobals) = postSolution
		SolutionGuid = {55F19B77-1E22-4888-8626-C2D49A272AFC}
	EndGlobalSection
EndGlobal
